// !$*UTF8*$!
{
	archiveVersion = 1;
	classes = {
	};
	objectVersion = 50;
	objects = {

/* Begin PBXBuildFile section */
		1432E10C21EF952F00446425 /* LocationCell.swift in Sources */ = {isa = PBXBuildFile; fileRef = 1432E10B21EF952F00446425 /* LocationCell.swift */; };
		1432E10F21EFFC8A00446425 /* LocationTextCell.swift in Sources */ = {isa = PBXBuildFile; fileRef = 1432E10E21EFFC8A00446425 /* LocationTextCell.swift */; };
		1432E11321F116CC00446425 /* LocationManager.swift in Sources */ = {isa = PBXBuildFile; fileRef = 1432E11221F116CC00446425 /* LocationManager.swift */; };
		1432E11521F1AB5A00446425 /* CheffLocationCell.swift in Sources */ = {isa = PBXBuildFile; fileRef = 1432E11421F1AB5A00446425 /* CheffLocationCell.swift */; };
		1432E11821F52B3400446425 /* GlobalConstants.swift in Sources */ = {isa = PBXBuildFile; fileRef = 1432E11721F52B3400446425 /* GlobalConstants.swift */; };
		149EA07621D15D54004DD3E5 /* ForgotPasswordViewController.swift in Sources */ = {isa = PBXBuildFile; fileRef = 149EA07421D15D54004DD3E5 /* ForgotPasswordViewController.swift */; };
		149EA07921D2D51E004DD3E5 /* String+Extension.swift in Sources */ = {isa = PBXBuildFile; fileRef = 149EA07821D2D51E004DD3E5 /* String+Extension.swift */; };
		149EA07B21D42525004DD3E5 /* ForgotPasswordViewModel.swift in Sources */ = {isa = PBXBuildFile; fileRef = 149EA07A21D42525004DD3E5 /* ForgotPasswordViewModel.swift */; };
		14B63EDD21EE967F0078AEBA /* LocationSearchController.swift in Sources */ = {isa = PBXBuildFile; fileRef = 14B63EDC21EE967F0078AEBA /* LocationSearchController.swift */; };
		14B63EDF21EE96A30078AEBA /* LocationSearchViewModel.swift in Sources */ = {isa = PBXBuildFile; fileRef = 14B63EDE21EE96A30078AEBA /* LocationSearchViewModel.swift */; };
		14B63EE121EE96D10078AEBA /* Location.swift in Sources */ = {isa = PBXBuildFile; fileRef = 14B63EE021EE96D10078AEBA /* Location.swift */; };
		14E2ABAA21D8599B005673CA /* SpinningButton.swift in Sources */ = {isa = PBXBuildFile; fileRef = 14E2ABA921D8599B005673CA /* SpinningButton.swift */; };
		14E2ABB421DAAB31005673CA /* CodeViewController.swift in Sources */ = {isa = PBXBuildFile; fileRef = 14E2ABB121DAAB31005673CA /* CodeViewController.swift */; };
		14E2ABB521DAAB31005673CA /* ForgotPassword.storyboard in Resources */ = {isa = PBXBuildFile; fileRef = 14E2ABB221DAAB31005673CA /* ForgotPassword.storyboard */; };
		14E2ABB621DAAB31005673CA /* ResetPasswordViewController.swift in Sources */ = {isa = PBXBuildFile; fileRef = 14E2ABB321DAAB31005673CA /* ResetPasswordViewController.swift */; };
		14E2ABB821DABB0B005673CA /* UIViewController+Extension.swift in Sources */ = {isa = PBXBuildFile; fileRef = 14E2ABB721DABB0B005673CA /* UIViewController+Extension.swift */; };
		14E2ABBB21DACE89005673CA /* SecureTextField.swift in Sources */ = {isa = PBXBuildFile; fileRef = 14E2ABBA21DACE89005673CA /* SecureTextField.swift */; };
		14E2ABBD21DFF4D3005673CA /* FacebookButton.swift in Sources */ = {isa = PBXBuildFile; fileRef = 14E2ABBC21DFF4D3005673CA /* FacebookButton.swift */; };
		14E2ABBF21DFF4F8005673CA /* FacebookButton.xib in Resources */ = {isa = PBXBuildFile; fileRef = 14E2ABBE21DFF4F8005673CA /* FacebookButton.xib */; };
		2B42017BD6F0D30ECAEC28E3 /* Pods_Homesheff.framework in Frameworks */ = {isa = PBXBuildFile; fileRef = 76D12E3DE46BB8C8E4DE3E01 /* Pods_Homesheff.framework */; };
		A403097421794F71001397EE /* UserDetailModal.swift in Sources */ = {isa = PBXBuildFile; fileRef = A403097321794F71001397EE /* UserDetailModal.swift */; };
		A403097621795046001397EE /* User.swift in Sources */ = {isa = PBXBuildFile; fileRef = A403097521795046001397EE /* User.swift */; };
		A453503C2185310D005748D3 /* CustomImageView.swift in Sources */ = {isa = PBXBuildFile; fileRef = A453503B2185310D005748D3 /* CustomImageView.swift */; };
		A49D34152156E91500AA24CF /* FindCheifViewModel.swift in Sources */ = {isa = PBXBuildFile; fileRef = A49D34142156E91500AA24CF /* FindCheifViewModel.swift */; };
		A49D341D215AF21700AA24CF /* UITableViewGenericId.swift in Sources */ = {isa = PBXBuildFile; fileRef = A49D341C215AF21700AA24CF /* UITableViewGenericId.swift */; };
		A4AA63FF2173B6E5007D83F2 /* ProfileGenericTableViewCell.swift in Sources */ = {isa = PBXBuildFile; fileRef = A4AA63FD2173B6E5007D83F2 /* ProfileGenericTableViewCell.swift */; };
		A4AA64002173B6E5007D83F2 /* ProfileGenericTableViewCell.xib in Resources */ = {isa = PBXBuildFile; fileRef = A4AA63FE2173B6E5007D83F2 /* ProfileGenericTableViewCell.xib */; };
		A4AA64032173B704007D83F2 /* ProfileDetailedTableViewCell.swift in Sources */ = {isa = PBXBuildFile; fileRef = A4AA64012173B703007D83F2 /* ProfileDetailedTableViewCell.swift */; };
		A4AA64042173B704007D83F2 /* ProfileDetailedTableViewCell.xib in Resources */ = {isa = PBXBuildFile; fileRef = A4AA64022173B704007D83F2 /* ProfileDetailedTableViewCell.xib */; };
		A4AA64062173BE76007D83F2 /* ProfileViewModel.swift in Sources */ = {isa = PBXBuildFile; fileRef = A4AA64052173BE76007D83F2 /* ProfileViewModel.swift */; };
		A4AA64092173CC5C007D83F2 /* UserProfileViewController.swift in Sources */ = {isa = PBXBuildFile; fileRef = A4AA64082173CC5C007D83F2 /* UserProfileViewController.swift */; };
		A4AA640C2173CD57007D83F2 /* UserProfileTableViewCell.swift in Sources */ = {isa = PBXBuildFile; fileRef = A4AA640A2173CD57007D83F2 /* UserProfileTableViewCell.swift */; };
		A4AA640D2173CD57007D83F2 /* UserProfileTableViewCell.xib in Resources */ = {isa = PBXBuildFile; fileRef = A4AA640B2173CD57007D83F2 /* UserProfileTableViewCell.xib */; };
		A4AA640F2173FF4E007D83F2 /* SignInViewModel.swift in Sources */ = {isa = PBXBuildFile; fileRef = A4AA640E2173FF4E007D83F2 /* SignInViewModel.swift */; };
		A4C9249F2172AFB800F3BBDE /* BaseTabbarController.swift in Sources */ = {isa = PBXBuildFile; fileRef = A4C9249E2172AFB800F3BBDE /* BaseTabbarController.swift */; };
		A4C924B62172C3D000F3BBDE /* ConfigEndPoints.swift in Sources */ = {isa = PBXBuildFile; fileRef = A4C924B22172C3D000F3BBDE /* ConfigEndPoints.swift */; };
		A4C924B72172C3D000F3BBDE /* APIEndPoints.swift in Sources */ = {isa = PBXBuildFile; fileRef = A4C924B32172C3D000F3BBDE /* APIEndPoints.swift */; };
		A4C924B82172C3D000F3BBDE /* APIManager.swift in Sources */ = {isa = PBXBuildFile; fileRef = A4C924B42172C3D000F3BBDE /* APIManager.swift */; };
		A4C924B92172C3D000F3BBDE /* Requestable.swift in Sources */ = {isa = PBXBuildFile; fileRef = A4C924B52172C3D000F3BBDE /* Requestable.swift */; };
		A4C924BC2173990B00F3BBDE /* ProfileViewController.swift in Sources */ = {isa = PBXBuildFile; fileRef = A4C924BB2173990B00F3BBDE /* ProfileViewController.swift */; };
		A4C924BE21739D0000F3BBDE /* UserAccountViewController.swift in Sources */ = {isa = PBXBuildFile; fileRef = A4C924BD21739D0000F3BBDE /* UserAccountViewController.swift */; };
		A4C924C52173A41700F3BBDE /* UserAccountCell.swift in Sources */ = {isa = PBXBuildFile; fileRef = A4C924C32173A41700F3BBDE /* UserAccountCell.swift */; };
		A4C924C62173A41700F3BBDE /* UserAccountCell.xib in Resources */ = {isa = PBXBuildFile; fileRef = A4C924C42173A41700F3BBDE /* UserAccountCell.xib */; };
		A4D45760217CEDDC002E4588 /* TermsAndConditionViewController.swift in Sources */ = {isa = PBXBuildFile; fileRef = A4D4575F217CEDDC002E4588 /* TermsAndConditionViewController.swift */; };
		A4FFD77B21605AD9008E49F0 /* CreateAccountViewModel.swift in Sources */ = {isa = PBXBuildFile; fileRef = A4FFD77A21605AD9008E49F0 /* CreateAccountViewModel.swift */; };
		C7520DC021EBBCC7001D29F3 /* ChefServices.storyboard in Resources */ = {isa = PBXBuildFile; fileRef = C7520DBF21EBBCC7001D29F3 /* ChefServices.storyboard */; };
		C7520DC221EBC103001D29F3 /* AddServicesViewController.swift in Sources */ = {isa = PBXBuildFile; fileRef = C7520DC121EBC103001D29F3 /* AddServicesViewController.swift */; };
		C782EC9021EECFAF00AAEC1D /* AddNewServiceViewController.swift in Sources */ = {isa = PBXBuildFile; fileRef = C782EC8F21EECFAF00AAEC1D /* AddNewServiceViewController.swift */; };
		C782EC9221EED10700AAEC1D /* ServiceNameCell.swift in Sources */ = {isa = PBXBuildFile; fileRef = C782EC9121EED10700AAEC1D /* ServiceNameCell.swift */; };
		C782EC9421EED11600AAEC1D /* ServiceDescriptionCell.swift in Sources */ = {isa = PBXBuildFile; fileRef = C782EC9321EED11600AAEC1D /* ServiceDescriptionCell.swift */; };
		C782EC9621EEF75000AAEC1D /* ServiceListViewController.swift in Sources */ = {isa = PBXBuildFile; fileRef = C782EC9521EEF75000AAEC1D /* ServiceListViewController.swift */; };
		C782EC9921F54B5900AAEC1D /* ServiceListCell.swift in Sources */ = {isa = PBXBuildFile; fileRef = C782EC9821F54B5900AAEC1D /* ServiceListCell.swift */; };
		C782EC9B21F68FBE00AAEC1D /* AddedServiceCell.swift in Sources */ = {isa = PBXBuildFile; fileRef = C782EC9A21F68FBE00AAEC1D /* AddedServiceCell.swift */; };
		C782EC9D21F6929600AAEC1D /* AddServicesViewModel.swift in Sources */ = {isa = PBXBuildFile; fileRef = C782EC9C21F6929600AAEC1D /* AddServicesViewModel.swift */; };
		C782ECA221F69C6B00AAEC1D /* GetServicesModel.swift in Sources */ = {isa = PBXBuildFile; fileRef = C782ECA121F69C6B00AAEC1D /* GetServicesModel.swift */; };
		C782ECA521F6ABCF00AAEC1D /* AddNewServiceViewModel.swift in Sources */ = {isa = PBXBuildFile; fileRef = C782ECA421F6ABCF00AAEC1D /* AddNewServiceViewModel.swift */; };
		C782ECA721F6D9DF00AAEC1D /* EditServiceViewController.swift in Sources */ = {isa = PBXBuildFile; fileRef = C782ECA621F6D9DF00AAEC1D /* EditServiceViewController.swift */; };
		C782ECA921F6E04000AAEC1D /* EditServiceViewModel.swift in Sources */ = {isa = PBXBuildFile; fileRef = C782ECA821F6E04000AAEC1D /* EditServiceViewModel.swift */; };
		DA240C7021C03C5D0004474B /* AddPhotosController.swift in Sources */ = {isa = PBXBuildFile; fileRef = DA240C6F21C03C5D0004474B /* AddPhotosController.swift */; };
		DA240C7221C03E980004474B /* PhotosCollectionView.swift in Sources */ = {isa = PBXBuildFile; fileRef = DA240C7121C03E980004474B /* PhotosCollectionView.swift */; };
		DA240C7421C03EDA0004474B /* PhotosCollectionViewCell.swift in Sources */ = {isa = PBXBuildFile; fileRef = DA240C7321C03EDA0004474B /* PhotosCollectionViewCell.swift */; };
		DA240C7621C070C90004474B /* PhotosCollectionViewModel.swift in Sources */ = {isa = PBXBuildFile; fileRef = DA240C7521C070C90004474B /* PhotosCollectionViewModel.swift */; };
		DA25642521B4787600681C5D /* HSTextField.swift in Sources */ = {isa = PBXBuildFile; fileRef = DA25642421B4787600681C5D /* HSTextField.swift */; };
		DA5C7E4721C1E885003656BE /* EmptyCollectionView.xib in Resources */ = {isa = PBXBuildFile; fileRef = DA5C7E4621C1E885003656BE /* EmptyCollectionView.xib */; };
		DA5C7E4921C1ECCB003656BE /* EmptyCollectionView.swift in Sources */ = {isa = PBXBuildFile; fileRef = DA5C7E4821C1ECCB003656BE /* EmptyCollectionView.swift */; };
		DA5C7E4B21C1F567003656BE /* ImageEditor.xib in Resources */ = {isa = PBXBuildFile; fileRef = DA5C7E4A21C1F567003656BE /* ImageEditor.xib */; };
		DA5C7E4D21C1F6D6003656BE /* ImageEditor.swift in Sources */ = {isa = PBXBuildFile; fileRef = DA5C7E4C21C1F6D6003656BE /* ImageEditor.swift */; };
		DA8BE00F21E11D3D003CB039 /* FinishYourProfileViewModel.swift in Sources */ = {isa = PBXBuildFile; fileRef = DA8BE00E21E11D3D003CB039 /* FinishYourProfileViewModel.swift */; };
		DA8BE01121E11EB2003CB039 /* FinishYourProfileController.swift in Sources */ = {isa = PBXBuildFile; fileRef = DA8BE01021E11EB2003CB039 /* FinishYourProfileController.swift */; };
		DA8BE01621E2B5B8003CB039 /* ProfileHeaderCell.swift in Sources */ = {isa = PBXBuildFile; fileRef = DA8BE01421E2B5B8003CB039 /* ProfileHeaderCell.swift */; };
		DA8BE01721E2B5B8003CB039 /* ProfileHeaderCell.xib in Resources */ = {isa = PBXBuildFile; fileRef = DA8BE01521E2B5B8003CB039 /* ProfileHeaderCell.xib */; };
		DA91FB1921B210A00065C1BD /* AboutTableViewCell.xib in Resources */ = {isa = PBXBuildFile; fileRef = DA91FB1821B210A00065C1BD /* AboutTableViewCell.xib */; };
		DA91FB1B21B21E240065C1BD /* AboutTableViewCell.swift in Sources */ = {isa = PBXBuildFile; fileRef = DA91FB1A21B21E240065C1BD /* AboutTableViewCell.swift */; };
		DA91FB1D21B303510065C1BD /* ChefDetails.storyboard in Resources */ = {isa = PBXBuildFile; fileRef = DA91FB1C21B303510065C1BD /* ChefDetails.storyboard */; };
		DA91FB2121B3042E0065C1BD /* AboutChefController.swift in Sources */ = {isa = PBXBuildFile; fileRef = DA91FB2021B3042E0065C1BD /* AboutChefController.swift */; };
		DAB7AD7F21D0191F006E43A3 /* PhotoGalleryCell.swift in Sources */ = {isa = PBXBuildFile; fileRef = DAB7AD7E21D0191F006E43A3 /* PhotoGalleryCell.swift */; };
		DAB7AD8121D01B4C006E43A3 /* PhotoCollectionCell.swift in Sources */ = {isa = PBXBuildFile; fileRef = DAB7AD8021D01B4C006E43A3 /* PhotoCollectionCell.swift */; };
		DAB7AD8321D13182006E43A3 /* PhotoGalleryCell.xib in Resources */ = {isa = PBXBuildFile; fileRef = DAB7AD8221D13182006E43A3 /* PhotoGalleryCell.xib */; };
		DAC5944221D83717004AC6D4 /* PhotoData.swift in Sources */ = {isa = PBXBuildFile; fileRef = DAC5944121D83717004AC6D4 /* PhotoData.swift */; };
		E4350836218E8E4C00C33719 /* UserProfileViewModel.swift in Sources */ = {isa = PBXBuildFile; fileRef = E4350835218E8E4C00C33719 /* UserProfileViewModel.swift */; };
		E4D044FB21D84A9F005ADA8A /* FinishYourProfileCell.swift in Sources */ = {isa = PBXBuildFile; fileRef = E4D044FA21D84A9F005ADA8A /* FinishYourProfileCell.swift */; };
		E4D0450121D84C61005ADA8A /* FinishYourProfile.storyboard in Resources */ = {isa = PBXBuildFile; fileRef = E4D0450021D84C61005ADA8A /* FinishYourProfile.storyboard */; };
		E4D0450321D85D92005ADA8A /* UIColor+Extension.swift in Sources */ = {isa = PBXBuildFile; fileRef = E4D0450221D85D92005ADA8A /* UIColor+Extension.swift */; };
		E4D0450521D97FE1005ADA8A /* FinishYourProfileExpandedCell.swift in Sources */ = {isa = PBXBuildFile; fileRef = E4D0450421D97FE1005ADA8A /* FinishYourProfileExpandedCell.swift */; };
		E9182431214E924F009F62CE /* FindChefsViewController.swift in Sources */ = {isa = PBXBuildFile; fileRef = E9182430214E924F009F62CE /* FindChefsViewController.swift */; };
		E9182433214E97F0009F62CE /* ChefCell.swift in Sources */ = {isa = PBXBuildFile; fileRef = E9182432214E97F0009F62CE /* ChefCell.swift */; };
		E9182438214EA22A009F62CE /* Chef.swift in Sources */ = {isa = PBXBuildFile; fileRef = E9182437214EA22A009F62CE /* Chef.swift */; };
		E975B606216005C400BE6DD2 /* FieldsModel.swift in Sources */ = {isa = PBXBuildFile; fileRef = E975B605216005C400BE6DD2 /* FieldsModel.swift */; };
		E975B609216009D100BE6DD2 /* GenericFieldsCellTableViewCell.swift in Sources */ = {isa = PBXBuildFile; fileRef = E975B607216009D100BE6DD2 /* GenericFieldsCellTableViewCell.swift */; };
		E975B60A216009D100BE6DD2 /* GenericFieldsCellTableViewCell.xib in Resources */ = {isa = PBXBuildFile; fileRef = E975B608216009D100BE6DD2 /* GenericFieldsCellTableViewCell.xib */; };
		E975B60D2160133100BE6DD2 /* ChefFieldsCell.swift in Sources */ = {isa = PBXBuildFile; fileRef = E975B60B2160133100BE6DD2 /* ChefFieldsCell.swift */; };
		E975B60E2160133100BE6DD2 /* ChefFieldsCell.xib in Resources */ = {isa = PBXBuildFile; fileRef = E975B60C2160133100BE6DD2 /* ChefFieldsCell.xib */; };
		E975B6122160156000BE6DD2 /* SignUpContentTableViewCell.swift in Sources */ = {isa = PBXBuildFile; fileRef = E975B6102160156000BE6DD2 /* SignUpContentTableViewCell.swift */; };
		E975B6132160156000BE6DD2 /* SignUpContentTableViewCell.xib in Resources */ = {isa = PBXBuildFile; fileRef = E975B6112160156000BE6DD2 /* SignUpContentTableViewCell.xib */; };
		E9D14B522147BEFF009A57A1 /* AppDelegate.swift in Sources */ = {isa = PBXBuildFile; fileRef = E9D14B512147BEFF009A57A1 /* AppDelegate.swift */; };
		E9D14B542147BEFF009A57A1 /* SignInViewController.swift in Sources */ = {isa = PBXBuildFile; fileRef = E9D14B532147BEFF009A57A1 /* SignInViewController.swift */; };
		E9D14B572147BF00009A57A1 /* Main.storyboard in Resources */ = {isa = PBXBuildFile; fileRef = E9D14B552147BEFF009A57A1 /* Main.storyboard */; };
		E9D14B592147BF01009A57A1 /* Assets.xcassets in Resources */ = {isa = PBXBuildFile; fileRef = E9D14B582147BF01009A57A1 /* Assets.xcassets */; };
		E9D14B5C2147BF01009A57A1 /* LaunchScreen.storyboard in Resources */ = {isa = PBXBuildFile; fileRef = E9D14B5A2147BF01009A57A1 /* LaunchScreen.storyboard */; };
		E9D2700821499C130087F476 /* CreateAccountController.swift in Sources */ = {isa = PBXBuildFile; fileRef = E9D2700721499C130087F476 /* CreateAccountController.swift */; };
		E9D2700A214B13F40087F476 /* UIView+Extension.swift in Sources */ = {isa = PBXBuildFile; fileRef = E9D27009214B13F40087F476 /* UIView+Extension.swift */; };
/* End PBXBuildFile section */

/* Begin PBXFileReference section */
		1432E10B21EF952F00446425 /* LocationCell.swift */ = {isa = PBXFileReference; lastKnownFileType = sourcecode.swift; path = LocationCell.swift; sourceTree = "<group>"; };
		1432E10E21EFFC8A00446425 /* LocationTextCell.swift */ = {isa = PBXFileReference; lastKnownFileType = sourcecode.swift; path = LocationTextCell.swift; sourceTree = "<group>"; };
		1432E11221F116CC00446425 /* LocationManager.swift */ = {isa = PBXFileReference; lastKnownFileType = sourcecode.swift; path = LocationManager.swift; sourceTree = "<group>"; };
		1432E11421F1AB5A00446425 /* CheffLocationCell.swift */ = {isa = PBXFileReference; lastKnownFileType = sourcecode.swift; path = CheffLocationCell.swift; sourceTree = "<group>"; };
		1432E11721F52B3400446425 /* GlobalConstants.swift */ = {isa = PBXFileReference; lastKnownFileType = sourcecode.swift; path = GlobalConstants.swift; sourceTree = "<group>"; };
		149EA07421D15D54004DD3E5 /* ForgotPasswordViewController.swift */ = {isa = PBXFileReference; lastKnownFileType = sourcecode.swift; path = ForgotPasswordViewController.swift; sourceTree = "<group>"; };
		149EA07821D2D51E004DD3E5 /* String+Extension.swift */ = {isa = PBXFileReference; lastKnownFileType = sourcecode.swift; path = "String+Extension.swift"; sourceTree = "<group>"; };
		149EA07A21D42525004DD3E5 /* ForgotPasswordViewModel.swift */ = {isa = PBXFileReference; lastKnownFileType = sourcecode.swift; path = ForgotPasswordViewModel.swift; sourceTree = "<group>"; };
		14B63EDC21EE967F0078AEBA /* LocationSearchController.swift */ = {isa = PBXFileReference; lastKnownFileType = sourcecode.swift; path = LocationSearchController.swift; sourceTree = "<group>"; };
		14B63EDE21EE96A30078AEBA /* LocationSearchViewModel.swift */ = {isa = PBXFileReference; lastKnownFileType = sourcecode.swift; path = LocationSearchViewModel.swift; sourceTree = "<group>"; };
		14B63EE021EE96D10078AEBA /* Location.swift */ = {isa = PBXFileReference; lastKnownFileType = sourcecode.swift; path = Location.swift; sourceTree = "<group>"; };
		14E2ABA921D8599B005673CA /* SpinningButton.swift */ = {isa = PBXFileReference; lastKnownFileType = sourcecode.swift; path = SpinningButton.swift; sourceTree = "<group>"; };
		14E2ABB121DAAB31005673CA /* CodeViewController.swift */ = {isa = PBXFileReference; fileEncoding = 4; lastKnownFileType = sourcecode.swift; path = CodeViewController.swift; sourceTree = "<group>"; };
		14E2ABB221DAAB31005673CA /* ForgotPassword.storyboard */ = {isa = PBXFileReference; fileEncoding = 4; lastKnownFileType = file.storyboard; path = ForgotPassword.storyboard; sourceTree = "<group>"; };
		14E2ABB321DAAB31005673CA /* ResetPasswordViewController.swift */ = {isa = PBXFileReference; fileEncoding = 4; lastKnownFileType = sourcecode.swift; path = ResetPasswordViewController.swift; sourceTree = "<group>"; };
		14E2ABB721DABB0B005673CA /* UIViewController+Extension.swift */ = {isa = PBXFileReference; lastKnownFileType = sourcecode.swift; path = "UIViewController+Extension.swift"; sourceTree = "<group>"; };
		14E2ABBA21DACE89005673CA /* SecureTextField.swift */ = {isa = PBXFileReference; lastKnownFileType = sourcecode.swift; path = SecureTextField.swift; sourceTree = "<group>"; };
		14E2ABBC21DFF4D3005673CA /* FacebookButton.swift */ = {isa = PBXFileReference; lastKnownFileType = sourcecode.swift; path = FacebookButton.swift; sourceTree = "<group>"; };
		14E2ABBE21DFF4F8005673CA /* FacebookButton.xib */ = {isa = PBXFileReference; lastKnownFileType = file.xib; path = FacebookButton.xib; sourceTree = "<group>"; };
		17004620FF1562822144357B /* Pods-Homesheff.release.xcconfig */ = {isa = PBXFileReference; includeInIndex = 1; lastKnownFileType = text.xcconfig; name = "Pods-Homesheff.release.xcconfig"; path = "Pods/Target Support Files/Pods-Homesheff/Pods-Homesheff.release.xcconfig"; sourceTree = "<group>"; };
		76D12E3DE46BB8C8E4DE3E01 /* Pods_Homesheff.framework */ = {isa = PBXFileReference; explicitFileType = wrapper.framework; includeInIndex = 0; path = Pods_Homesheff.framework; sourceTree = BUILT_PRODUCTS_DIR; };
		A403097321794F71001397EE /* UserDetailModal.swift */ = {isa = PBXFileReference; lastKnownFileType = sourcecode.swift; path = UserDetailModal.swift; sourceTree = "<group>"; };
		A403097521795046001397EE /* User.swift */ = {isa = PBXFileReference; lastKnownFileType = sourcecode.swift; path = User.swift; sourceTree = "<group>"; };
		A453503B2185310D005748D3 /* CustomImageView.swift */ = {isa = PBXFileReference; lastKnownFileType = sourcecode.swift; path = CustomImageView.swift; sourceTree = "<group>"; };
		A49D34142156E91500AA24CF /* FindCheifViewModel.swift */ = {isa = PBXFileReference; lastKnownFileType = sourcecode.swift; path = FindCheifViewModel.swift; sourceTree = "<group>"; };
		A49D341C215AF21700AA24CF /* UITableViewGenericId.swift */ = {isa = PBXFileReference; lastKnownFileType = sourcecode.swift; path = UITableViewGenericId.swift; sourceTree = "<group>"; };
		A4AA63FD2173B6E5007D83F2 /* ProfileGenericTableViewCell.swift */ = {isa = PBXFileReference; lastKnownFileType = sourcecode.swift; path = ProfileGenericTableViewCell.swift; sourceTree = "<group>"; };
		A4AA63FE2173B6E5007D83F2 /* ProfileGenericTableViewCell.xib */ = {isa = PBXFileReference; lastKnownFileType = file.xib; path = ProfileGenericTableViewCell.xib; sourceTree = "<group>"; };
		A4AA64012173B703007D83F2 /* ProfileDetailedTableViewCell.swift */ = {isa = PBXFileReference; lastKnownFileType = sourcecode.swift; path = ProfileDetailedTableViewCell.swift; sourceTree = "<group>"; };
		A4AA64022173B704007D83F2 /* ProfileDetailedTableViewCell.xib */ = {isa = PBXFileReference; lastKnownFileType = file.xib; path = ProfileDetailedTableViewCell.xib; sourceTree = "<group>"; };
		A4AA64052173BE76007D83F2 /* ProfileViewModel.swift */ = {isa = PBXFileReference; lastKnownFileType = sourcecode.swift; path = ProfileViewModel.swift; sourceTree = "<group>"; };
		A4AA64082173CC5C007D83F2 /* UserProfileViewController.swift */ = {isa = PBXFileReference; lastKnownFileType = sourcecode.swift; path = UserProfileViewController.swift; sourceTree = "<group>"; };
		A4AA640A2173CD57007D83F2 /* UserProfileTableViewCell.swift */ = {isa = PBXFileReference; lastKnownFileType = sourcecode.swift; path = UserProfileTableViewCell.swift; sourceTree = "<group>"; };
		A4AA640B2173CD57007D83F2 /* UserProfileTableViewCell.xib */ = {isa = PBXFileReference; lastKnownFileType = file.xib; path = UserProfileTableViewCell.xib; sourceTree = "<group>"; };
		A4AA640E2173FF4E007D83F2 /* SignInViewModel.swift */ = {isa = PBXFileReference; lastKnownFileType = sourcecode.swift; path = SignInViewModel.swift; sourceTree = "<group>"; };
		A4C9249E2172AFB800F3BBDE /* BaseTabbarController.swift */ = {isa = PBXFileReference; lastKnownFileType = sourcecode.swift; path = BaseTabbarController.swift; sourceTree = "<group>"; };
		A4C924B22172C3D000F3BBDE /* ConfigEndPoints.swift */ = {isa = PBXFileReference; fileEncoding = 4; lastKnownFileType = sourcecode.swift; path = ConfigEndPoints.swift; sourceTree = "<group>"; };
		A4C924B32172C3D000F3BBDE /* APIEndPoints.swift */ = {isa = PBXFileReference; fileEncoding = 4; lastKnownFileType = sourcecode.swift; path = APIEndPoints.swift; sourceTree = "<group>"; };
		A4C924B42172C3D000F3BBDE /* APIManager.swift */ = {isa = PBXFileReference; fileEncoding = 4; lastKnownFileType = sourcecode.swift; path = APIManager.swift; sourceTree = "<group>"; };
		A4C924B52172C3D000F3BBDE /* Requestable.swift */ = {isa = PBXFileReference; fileEncoding = 4; lastKnownFileType = sourcecode.swift; path = Requestable.swift; sourceTree = "<group>"; };
		A4C924BB2173990B00F3BBDE /* ProfileViewController.swift */ = {isa = PBXFileReference; lastKnownFileType = sourcecode.swift; path = ProfileViewController.swift; sourceTree = "<group>"; };
		A4C924BD21739D0000F3BBDE /* UserAccountViewController.swift */ = {isa = PBXFileReference; lastKnownFileType = sourcecode.swift; path = UserAccountViewController.swift; sourceTree = "<group>"; };
		A4C924C32173A41700F3BBDE /* UserAccountCell.swift */ = {isa = PBXFileReference; lastKnownFileType = sourcecode.swift; path = UserAccountCell.swift; sourceTree = "<group>"; };
		A4C924C42173A41700F3BBDE /* UserAccountCell.xib */ = {isa = PBXFileReference; lastKnownFileType = file.xib; path = UserAccountCell.xib; sourceTree = "<group>"; };
		A4D4575F217CEDDC002E4588 /* TermsAndConditionViewController.swift */ = {isa = PBXFileReference; lastKnownFileType = sourcecode.swift; path = TermsAndConditionViewController.swift; sourceTree = "<group>"; };
		A4FFD77A21605AD9008E49F0 /* CreateAccountViewModel.swift */ = {isa = PBXFileReference; lastKnownFileType = sourcecode.swift; path = CreateAccountViewModel.swift; sourceTree = "<group>"; };
		C7520DBF21EBBCC7001D29F3 /* ChefServices.storyboard */ = {isa = PBXFileReference; lastKnownFileType = file.storyboard; path = ChefServices.storyboard; sourceTree = "<group>"; };
		C7520DC121EBC103001D29F3 /* AddServicesViewController.swift */ = {isa = PBXFileReference; lastKnownFileType = sourcecode.swift; path = AddServicesViewController.swift; sourceTree = "<group>"; };
		C782EC8F21EECFAF00AAEC1D /* AddNewServiceViewController.swift */ = {isa = PBXFileReference; lastKnownFileType = sourcecode.swift; path = AddNewServiceViewController.swift; sourceTree = "<group>"; };
		C782EC9121EED10700AAEC1D /* ServiceNameCell.swift */ = {isa = PBXFileReference; lastKnownFileType = sourcecode.swift; path = ServiceNameCell.swift; sourceTree = "<group>"; };
		C782EC9321EED11600AAEC1D /* ServiceDescriptionCell.swift */ = {isa = PBXFileReference; lastKnownFileType = sourcecode.swift; path = ServiceDescriptionCell.swift; sourceTree = "<group>"; };
		C782EC9521EEF75000AAEC1D /* ServiceListViewController.swift */ = {isa = PBXFileReference; lastKnownFileType = sourcecode.swift; path = ServiceListViewController.swift; sourceTree = "<group>"; };
		C782EC9821F54B5900AAEC1D /* ServiceListCell.swift */ = {isa = PBXFileReference; lastKnownFileType = sourcecode.swift; path = ServiceListCell.swift; sourceTree = "<group>"; };
		C782EC9A21F68FBE00AAEC1D /* AddedServiceCell.swift */ = {isa = PBXFileReference; lastKnownFileType = sourcecode.swift; path = AddedServiceCell.swift; sourceTree = "<group>"; };
		C782EC9C21F6929600AAEC1D /* AddServicesViewModel.swift */ = {isa = PBXFileReference; lastKnownFileType = sourcecode.swift; path = AddServicesViewModel.swift; sourceTree = "<group>"; };
		C782ECA121F69C6B00AAEC1D /* GetServicesModel.swift */ = {isa = PBXFileReference; lastKnownFileType = sourcecode.swift; path = GetServicesModel.swift; sourceTree = "<group>"; };
		C782ECA421F6ABCF00AAEC1D /* AddNewServiceViewModel.swift */ = {isa = PBXFileReference; lastKnownFileType = sourcecode.swift; path = AddNewServiceViewModel.swift; sourceTree = "<group>"; };
		C782ECA621F6D9DF00AAEC1D /* EditServiceViewController.swift */ = {isa = PBXFileReference; lastKnownFileType = sourcecode.swift; path = EditServiceViewController.swift; sourceTree = "<group>"; };
		C782ECA821F6E04000AAEC1D /* EditServiceViewModel.swift */ = {isa = PBXFileReference; lastKnownFileType = sourcecode.swift; path = EditServiceViewModel.swift; sourceTree = "<group>"; };
		C8CB94F0F399356DEC3B25B7 /* Pods-Homesheff.debug.xcconfig */ = {isa = PBXFileReference; includeInIndex = 1; lastKnownFileType = text.xcconfig; name = "Pods-Homesheff.debug.xcconfig"; path = "Pods/Target Support Files/Pods-Homesheff/Pods-Homesheff.debug.xcconfig"; sourceTree = "<group>"; };
		DA240C6F21C03C5D0004474B /* AddPhotosController.swift */ = {isa = PBXFileReference; lastKnownFileType = sourcecode.swift; path = AddPhotosController.swift; sourceTree = "<group>"; };
		DA240C7121C03E980004474B /* PhotosCollectionView.swift */ = {isa = PBXFileReference; lastKnownFileType = sourcecode.swift; path = PhotosCollectionView.swift; sourceTree = "<group>"; };
		DA240C7321C03EDA0004474B /* PhotosCollectionViewCell.swift */ = {isa = PBXFileReference; lastKnownFileType = sourcecode.swift; path = PhotosCollectionViewCell.swift; sourceTree = "<group>"; };
		DA240C7521C070C90004474B /* PhotosCollectionViewModel.swift */ = {isa = PBXFileReference; lastKnownFileType = sourcecode.swift; path = PhotosCollectionViewModel.swift; sourceTree = "<group>"; };
		DA25642421B4787600681C5D /* HSTextField.swift */ = {isa = PBXFileReference; lastKnownFileType = sourcecode.swift; path = HSTextField.swift; sourceTree = "<group>"; };
		DA5C7E4621C1E885003656BE /* EmptyCollectionView.xib */ = {isa = PBXFileReference; lastKnownFileType = file.xib; path = EmptyCollectionView.xib; sourceTree = "<group>"; };
		DA5C7E4821C1ECCB003656BE /* EmptyCollectionView.swift */ = {isa = PBXFileReference; lastKnownFileType = sourcecode.swift; path = EmptyCollectionView.swift; sourceTree = "<group>"; };
		DA5C7E4A21C1F567003656BE /* ImageEditor.xib */ = {isa = PBXFileReference; lastKnownFileType = file.xib; path = ImageEditor.xib; sourceTree = "<group>"; };
		DA5C7E4C21C1F6D6003656BE /* ImageEditor.swift */ = {isa = PBXFileReference; lastKnownFileType = sourcecode.swift; path = ImageEditor.swift; sourceTree = "<group>"; };
		DA8BE00E21E11D3D003CB039 /* FinishYourProfileViewModel.swift */ = {isa = PBXFileReference; fileEncoding = 4; lastKnownFileType = sourcecode.swift; path = FinishYourProfileViewModel.swift; sourceTree = "<group>"; };
		DA8BE01021E11EB2003CB039 /* FinishYourProfileController.swift */ = {isa = PBXFileReference; fileEncoding = 4; lastKnownFileType = sourcecode.swift; path = FinishYourProfileController.swift; sourceTree = "<group>"; };
		DA8BE01421E2B5B8003CB039 /* ProfileHeaderCell.swift */ = {isa = PBXFileReference; lastKnownFileType = sourcecode.swift; path = ProfileHeaderCell.swift; sourceTree = "<group>"; };
		DA8BE01521E2B5B8003CB039 /* ProfileHeaderCell.xib */ = {isa = PBXFileReference; lastKnownFileType = file.xib; path = ProfileHeaderCell.xib; sourceTree = "<group>"; };
		DA91FB1821B210A00065C1BD /* AboutTableViewCell.xib */ = {isa = PBXFileReference; lastKnownFileType = file.xib; path = AboutTableViewCell.xib; sourceTree = "<group>"; };
		DA91FB1A21B21E240065C1BD /* AboutTableViewCell.swift */ = {isa = PBXFileReference; lastKnownFileType = sourcecode.swift; path = AboutTableViewCell.swift; sourceTree = "<group>"; };
		DA91FB1C21B303510065C1BD /* ChefDetails.storyboard */ = {isa = PBXFileReference; lastKnownFileType = file.storyboard; path = ChefDetails.storyboard; sourceTree = "<group>"; };
		DA91FB2021B3042E0065C1BD /* AboutChefController.swift */ = {isa = PBXFileReference; lastKnownFileType = sourcecode.swift; path = AboutChefController.swift; sourceTree = "<group>"; };
		DAB7AD7E21D0191F006E43A3 /* PhotoGalleryCell.swift */ = {isa = PBXFileReference; lastKnownFileType = sourcecode.swift; path = PhotoGalleryCell.swift; sourceTree = "<group>"; };
		DAB7AD8021D01B4C006E43A3 /* PhotoCollectionCell.swift */ = {isa = PBXFileReference; lastKnownFileType = sourcecode.swift; path = PhotoCollectionCell.swift; sourceTree = "<group>"; };
		DAB7AD8221D13182006E43A3 /* PhotoGalleryCell.xib */ = {isa = PBXFileReference; lastKnownFileType = file.xib; path = PhotoGalleryCell.xib; sourceTree = "<group>"; };
		DAC5944121D83717004AC6D4 /* PhotoData.swift */ = {isa = PBXFileReference; lastKnownFileType = sourcecode.swift; path = PhotoData.swift; sourceTree = "<group>"; };
		E4350835218E8E4C00C33719 /* UserProfileViewModel.swift */ = {isa = PBXFileReference; lastKnownFileType = sourcecode.swift; path = UserProfileViewModel.swift; sourceTree = "<group>"; };
		E4D044FA21D84A9F005ADA8A /* FinishYourProfileCell.swift */ = {isa = PBXFileReference; lastKnownFileType = sourcecode.swift; path = FinishYourProfileCell.swift; sourceTree = "<group>"; };
		E4D044FE21D84C38005ADA8A /* FinishYourProfileViewModel.swift */ = {isa = PBXFileReference; lastKnownFileType = sourcecode.swift; path = FinishYourProfileViewModel.swift; sourceTree = "<group>"; };
		E4D0450021D84C61005ADA8A /* FinishYourProfile.storyboard */ = {isa = PBXFileReference; lastKnownFileType = file.storyboard; path = FinishYourProfile.storyboard; sourceTree = "<group>"; };
		E4D0450221D85D92005ADA8A /* UIColor+Extension.swift */ = {isa = PBXFileReference; lastKnownFileType = sourcecode.swift; path = "UIColor+Extension.swift"; sourceTree = "<group>"; };
		E4D0450421D97FE1005ADA8A /* FinishYourProfileExpandedCell.swift */ = {isa = PBXFileReference; lastKnownFileType = sourcecode.swift; path = FinishYourProfileExpandedCell.swift; sourceTree = "<group>"; };
		E9182430214E924F009F62CE /* FindChefsViewController.swift */ = {isa = PBXFileReference; lastKnownFileType = sourcecode.swift; path = FindChefsViewController.swift; sourceTree = "<group>"; };
		E9182432214E97F0009F62CE /* ChefCell.swift */ = {isa = PBXFileReference; lastKnownFileType = sourcecode.swift; path = ChefCell.swift; sourceTree = "<group>"; };
		E9182437214EA22A009F62CE /* Chef.swift */ = {isa = PBXFileReference; lastKnownFileType = sourcecode.swift; path = Chef.swift; sourceTree = "<group>"; };
		E975B605216005C400BE6DD2 /* FieldsModel.swift */ = {isa = PBXFileReference; lastKnownFileType = sourcecode.swift; path = FieldsModel.swift; sourceTree = "<group>"; };
		E975B607216009D100BE6DD2 /* GenericFieldsCellTableViewCell.swift */ = {isa = PBXFileReference; lastKnownFileType = sourcecode.swift; path = GenericFieldsCellTableViewCell.swift; sourceTree = "<group>"; };
		E975B608216009D100BE6DD2 /* GenericFieldsCellTableViewCell.xib */ = {isa = PBXFileReference; lastKnownFileType = file.xib; path = GenericFieldsCellTableViewCell.xib; sourceTree = "<group>"; };
		E975B60B2160133100BE6DD2 /* ChefFieldsCell.swift */ = {isa = PBXFileReference; lastKnownFileType = sourcecode.swift; path = ChefFieldsCell.swift; sourceTree = "<group>"; };
		E975B60C2160133100BE6DD2 /* ChefFieldsCell.xib */ = {isa = PBXFileReference; lastKnownFileType = file.xib; path = ChefFieldsCell.xib; sourceTree = "<group>"; };
		E975B6102160156000BE6DD2 /* SignUpContentTableViewCell.swift */ = {isa = PBXFileReference; lastKnownFileType = sourcecode.swift; path = SignUpContentTableViewCell.swift; sourceTree = "<group>"; };
		E975B6112160156000BE6DD2 /* SignUpContentTableViewCell.xib */ = {isa = PBXFileReference; lastKnownFileType = file.xib; path = SignUpContentTableViewCell.xib; sourceTree = "<group>"; };
		E9D14B4E2147BEFF009A57A1 /* Homesheff.app */ = {isa = PBXFileReference; explicitFileType = wrapper.application; includeInIndex = 0; path = Homesheff.app; sourceTree = BUILT_PRODUCTS_DIR; };
		E9D14B512147BEFF009A57A1 /* AppDelegate.swift */ = {isa = PBXFileReference; lastKnownFileType = sourcecode.swift; path = AppDelegate.swift; sourceTree = "<group>"; };
		E9D14B532147BEFF009A57A1 /* SignInViewController.swift */ = {isa = PBXFileReference; lastKnownFileType = sourcecode.swift; path = SignInViewController.swift; sourceTree = "<group>"; };
		E9D14B562147BEFF009A57A1 /* Base */ = {isa = PBXFileReference; lastKnownFileType = file.storyboard; name = Base; path = Base.lproj/Main.storyboard; sourceTree = "<group>"; };
		E9D14B582147BF01009A57A1 /* Assets.xcassets */ = {isa = PBXFileReference; lastKnownFileType = folder.assetcatalog; path = Assets.xcassets; sourceTree = "<group>"; };
		E9D14B5B2147BF01009A57A1 /* Base */ = {isa = PBXFileReference; lastKnownFileType = file.storyboard; name = Base; path = Base.lproj/LaunchScreen.storyboard; sourceTree = "<group>"; };
		E9D14B5D2147BF01009A57A1 /* Info.plist */ = {isa = PBXFileReference; lastKnownFileType = text.plist.xml; path = Info.plist; sourceTree = "<group>"; };
		E9D2700721499C130087F476 /* CreateAccountController.swift */ = {isa = PBXFileReference; lastKnownFileType = sourcecode.swift; path = CreateAccountController.swift; sourceTree = "<group>"; };
		E9D27009214B13F40087F476 /* UIView+Extension.swift */ = {isa = PBXFileReference; lastKnownFileType = sourcecode.swift; path = "UIView+Extension.swift"; sourceTree = "<group>"; };
/* End PBXFileReference section */

/* Begin PBXFrameworksBuildPhase section */
		E9D14B4B2147BEFF009A57A1 /* Frameworks */ = {
			isa = PBXFrameworksBuildPhase;
			buildActionMask = 2147483647;
			files = (
				2B42017BD6F0D30ECAEC28E3 /* Pods_Homesheff.framework in Frameworks */,
			);
			runOnlyForDeploymentPostprocessing = 0;
		};
/* End PBXFrameworksBuildPhase section */

/* Begin PBXGroup section */
		1432E11121F116B000446425 /* LocationManager */ = {
			isa = PBXGroup;
			children = (
				1432E11221F116CC00446425 /* LocationManager.swift */,
			);
			path = LocationManager;
			sourceTree = "<group>";
		};
		1432E11621F52B1800446425 /* Globals */ = {
			isa = PBXGroup;
			children = (
				1432E11721F52B3400446425 /* GlobalConstants.swift */,
			);
			path = Globals;
			sourceTree = "<group>";
		};
		149EA07321D15C5E004DD3E5 /* ForgotPassword */ = {
			isa = PBXGroup;
			children = (
				14E2ABB121DAAB31005673CA /* CodeViewController.swift */,
				14E2ABB221DAAB31005673CA /* ForgotPassword.storyboard */,
				14E2ABB321DAAB31005673CA /* ResetPasswordViewController.swift */,
				149EA07421D15D54004DD3E5 /* ForgotPasswordViewController.swift */,
				149EA07A21D42525004DD3E5 /* ForgotPasswordViewModel.swift */,
			);
			path = ForgotPassword;
			sourceTree = "<group>";
		};
		14B63EDB21EE96390078AEBA /* LocationSearch */ = {
			isa = PBXGroup;
			children = (
				14B63EDC21EE967F0078AEBA /* LocationSearchController.swift */,
				14B63EDE21EE96A30078AEBA /* LocationSearchViewModel.swift */,
				14B63EE021EE96D10078AEBA /* Location.swift */,
				1432E10B21EF952F00446425 /* LocationCell.swift */,
			);
			path = LocationSearch;
			sourceTree = "<group>";
		};
		14E2ABA721D8592E005673CA /* Custom */ = {
			isa = PBXGroup;
			children = (
				14E2ABB921DACE70005673CA /* UITextField */,
				14E2ABA821D85951005673CA /* UIButton */,
			);
			path = Custom;
			sourceTree = "<group>";
		};
		14E2ABA821D85951005673CA /* UIButton */ = {
			isa = PBXGroup;
			children = (
				14E2ABA921D8599B005673CA /* SpinningButton.swift */,
				14E2ABBC21DFF4D3005673CA /* FacebookButton.swift */,
				14E2ABBE21DFF4F8005673CA /* FacebookButton.xib */,
			);
			path = UIButton;
			sourceTree = "<group>";
		};
		14E2ABB921DACE70005673CA /* UITextField */ = {
			isa = PBXGroup;
			children = (
				14E2ABBA21DACE89005673CA /* SecureTextField.swift */,
			);
			path = UITextField;
			sourceTree = "<group>";
		};
		A49D340B2156E74A00AA24CF /* Boiler Plate */ = {
			isa = PBXGroup;
			children = (
				E9D14B512147BEFF009A57A1 /* AppDelegate.swift */,
				A4C9249E2172AFB800F3BBDE /* BaseTabbarController.swift */,
				E9D14B5A2147BF01009A57A1 /* LaunchScreen.storyboard */,
			);
			path = "Boiler Plate";
			sourceTree = "<group>";
		};
		A49D340C2156E76200AA24CF /* Home Sheff */ = {
			isa = PBXGroup;
			children = (
				1432E11621F52B1800446425 /* Globals */,
				1432E11121F116B000446425 /* LocationManager */,
				14E2ABA721D8592E005673CA /* Custom */,
				A4D4575F217CEDDC002E4588 /* TermsAndConditionViewController.swift */,
				A4D4575E217CECCC002E4588 /* Account */,
				A4AA64072173CC17007D83F2 /* Chef Details */,
				A4C924BA2173920D00F3BBDE /* Network layer */,
				A49D34122156E8CB00AA24CF /* Helper */,
				A49D34102156E89E00AA24CF /* Sign in */,
				149EA07321D15C5E004DD3E5 /* ForgotPassword */,
				A49D340D2156E85900AA24CF /* Create Account */,
				A49D340E2156E86600AA24CF /* Finish Your profile */,
				C7520DBE21EBBC93001D29F3 /* AddChefServices */,
				A49D34112156E8A800AA24CF /* Cheif Finder */,
			);
			path = "Home Sheff";
			sourceTree = "<group>";
		};
		A49D340D2156E85900AA24CF /* Create Account */ = {
			isa = PBXGroup;
			children = (
				E9D2700721499C130087F476 /* CreateAccountController.swift */,
				A4FFD77A21605AD9008E49F0 /* CreateAccountViewModel.swift */,
				E975B605216005C400BE6DD2 /* FieldsModel.swift */,
				E975B60F216014F400BE6DD2 /* View */,
			);
			path = "Create Account";
			sourceTree = "<group>";
		};
		A49D340E2156E86600AA24CF /* Finish Your profile */ = {
			isa = PBXGroup;
			children = (
				14B63EDB21EE96390078AEBA /* LocationSearch */,
				DA8BE01021E11EB2003CB039 /* FinishYourProfileController.swift */,
				DA8BE00E21E11D3D003CB039 /* FinishYourProfileViewModel.swift */,
				E4D0450021D84C61005ADA8A /* FinishYourProfile.storyboard */,
				E4D044FA21D84A9F005ADA8A /* FinishYourProfileCell.swift */,
				1432E10E21EFFC8A00446425 /* LocationTextCell.swift */,
				E4D0450421D97FE1005ADA8A /* FinishYourProfileExpandedCell.swift */,
				DA240C6E21C03C180004474B /* Add Photos */,
				E9836C5E2165A8C0004554D4 /* View */,
			);
			path = "Finish Your profile";
			sourceTree = "<group>";
		};
		A49D34102156E89E00AA24CF /* Sign in */ = {
			isa = PBXGroup;
			children = (
				E9D14B532147BEFF009A57A1 /* SignInViewController.swift */,
				A403097521795046001397EE /* User.swift */,
				A403097321794F71001397EE /* UserDetailModal.swift */,
				A4AA640E2173FF4E007D83F2 /* SignInViewModel.swift */,
			);
			path = "Sign in";
			sourceTree = "<group>";
		};
		A49D34112156E8A800AA24CF /* Cheif Finder */ = {
			isa = PBXGroup;
			children = (
				E9182436214E98C2009F62CE /* Model */,
				A49D34162156E91C00AA24CF /* View Model */,
				E9182435214E98B9009F62CE /* View */,
				A49D34172156EBBE00AA24CF /* Controller */,
			);
			path = "Cheif Finder";
			sourceTree = "<group>";
		};
		A49D34122156E8CB00AA24CF /* Helper */ = {
			isa = PBXGroup;
			children = (
				DA25642621B47A3000681C5D /* TextField */,
				A453503B2185310D005748D3 /* CustomImageView.swift */,
				A49D34132156E8D200AA24CF /* Extension */,
			);
			path = Helper;
			sourceTree = "<group>";
		};
		A49D34132156E8D200AA24CF /* Extension */ = {
			isa = PBXGroup;
			children = (
				E9D27009214B13F40087F476 /* UIView+Extension.swift */,
				A49D341C215AF21700AA24CF /* UITableViewGenericId.swift */,
				149EA07821D2D51E004DD3E5 /* String+Extension.swift */,
				E4D0450221D85D92005ADA8A /* UIColor+Extension.swift */,
				14E2ABB721DABB0B005673CA /* UIViewController+Extension.swift */,
			);
			path = Extension;
			sourceTree = "<group>";
		};
		A49D34162156E91C00AA24CF /* View Model */ = {
			isa = PBXGroup;
			children = (
				A49D34142156E91500AA24CF /* FindCheifViewModel.swift */,
			);
			path = "View Model";
			sourceTree = "<group>";
		};
		A49D34172156EBBE00AA24CF /* Controller */ = {
			isa = PBXGroup;
			children = (
				E9182430214E924F009F62CE /* FindChefsViewController.swift */,
			);
			path = Controller;
			sourceTree = "<group>";
		};
		A4AA64072173CC17007D83F2 /* Chef Details */ = {
			isa = PBXGroup;
			children = (
				DA8BE01821E2B844003CB039 /* ViewModel */,
				DA8BE01321E2B504003CB039 /* View */,
				A4C924BB2173990B00F3BBDE /* ProfileViewController.swift */,
				A4AA63FD2173B6E5007D83F2 /* ProfileGenericTableViewCell.swift */,
				A4AA64012173B703007D83F2 /* ProfileDetailedTableViewCell.swift */,
				DA91FB1A21B21E240065C1BD /* AboutTableViewCell.swift */,
				DA91FB2021B3042E0065C1BD /* AboutChefController.swift */,
			);
			path = "Chef Details";
			sourceTree = "<group>";
		};
		A4C924BA2173920D00F3BBDE /* Network layer */ = {
			isa = PBXGroup;
			children = (
				A4C924B32172C3D000F3BBDE /* APIEndPoints.swift */,
				A4C924B42172C3D000F3BBDE /* APIManager.swift */,
				A4C924B22172C3D000F3BBDE /* ConfigEndPoints.swift */,
				A4C924B52172C3D000F3BBDE /* Requestable.swift */,
			);
			path = "Network layer";
			sourceTree = "<group>";
		};
		A4D4575E217CECCC002E4588 /* Account */ = {
			isa = PBXGroup;
			children = (
				DAC5944021D836AB004AC6D4 /* PhotoGallery */,
				A4AA64082173CC5C007D83F2 /* UserProfileViewController.swift */,
				E4350835218E8E4C00C33719 /* UserProfileViewModel.swift */,
				A4AA640A2173CD57007D83F2 /* UserProfileTableViewCell.swift */,
				A4AA640B2173CD57007D83F2 /* UserProfileTableViewCell.xib */,
				A4C924BD21739D0000F3BBDE /* UserAccountViewController.swift */,
				A4C924C32173A41700F3BBDE /* UserAccountCell.swift */,
				A4C924C42173A41700F3BBDE /* UserAccountCell.xib */,
			);
			path = Account;
			sourceTree = "<group>";
		};
		B164EBEF99C0E409204F778F /* Frameworks */ = {
			isa = PBXGroup;
			children = (
				76D12E3DE46BB8C8E4DE3E01 /* Pods_Homesheff.framework */,
			);
			name = Frameworks;
			sourceTree = "<group>";
		};
		BBFD88680A29BA9E463FE1C5 /* Pods */ = {
			isa = PBXGroup;
			children = (
				C8CB94F0F399356DEC3B25B7 /* Pods-Homesheff.debug.xcconfig */,
				17004620FF1562822144357B /* Pods-Homesheff.release.xcconfig */,
			);
			name = Pods;
			sourceTree = "<group>";
		};
		C7520DBE21EBBC93001D29F3 /* AddChefServices */ = {
			isa = PBXGroup;
			children = (
				C782ECA321F6ABB800AAEC1D /* ViewModel */,
				C782ECA021F69C4A00AAEC1D /* Model */,
				C782EC9721F54ADC00AAEC1D /* View */,
				C7520DC121EBC103001D29F3 /* AddServicesViewController.swift */,
				C782EC8F21EECFAF00AAEC1D /* AddNewServiceViewController.swift */,
				C782EC9521EEF75000AAEC1D /* ServiceListViewController.swift */,
				C782ECA621F6D9DF00AAEC1D /* EditServiceViewController.swift */,
			);
			path = AddChefServices;
			sourceTree = "<group>";
		};
		C782EC9721F54ADC00AAEC1D /* View */ = {
			isa = PBXGroup;
			children = (
				C782EC9121EED10700AAEC1D /* ServiceNameCell.swift */,
				C782EC9321EED11600AAEC1D /* ServiceDescriptionCell.swift */,
				C7520DBF21EBBCC7001D29F3 /* ChefServices.storyboard */,
				C782EC9821F54B5900AAEC1D /* ServiceListCell.swift */,
				C782EC9A21F68FBE00AAEC1D /* AddedServiceCell.swift */,
			);
			path = View;
			sourceTree = "<group>";
		};
		C782ECA021F69C4A00AAEC1D /* Model */ = {
			isa = PBXGroup;
			children = (
				C782ECA121F69C6B00AAEC1D /* GetServicesModel.swift */,
			);
			path = Model;
			sourceTree = "<group>";
		};
		C782ECA321F6ABB800AAEC1D /* ViewModel */ = {
			isa = PBXGroup;
			children = (
				C782EC9C21F6929600AAEC1D /* AddServicesViewModel.swift */,
				C782ECA421F6ABCF00AAEC1D /* AddNewServiceViewModel.swift */,
				C782ECA821F6E04000AAEC1D /* EditServiceViewModel.swift */,
			);
			path = ViewModel;
			sourceTree = "<group>";
		};
		DA240C6E21C03C180004474B /* Add Photos */ = {
			isa = PBXGroup;
			children = (
				DA240C6F21C03C5D0004474B /* AddPhotosController.swift */,
				DA240C7121C03E980004474B /* PhotosCollectionView.swift */,
				DA240C7321C03EDA0004474B /* PhotosCollectionViewCell.swift */,
				DA240C7521C070C90004474B /* PhotosCollectionViewModel.swift */,
			);
			path = "Add Photos";
			sourceTree = "<group>";
		};
		DA25642621B47A3000681C5D /* TextField */ = {
			isa = PBXGroup;
			children = (
				DA25642421B4787600681C5D /* HSTextField.swift */,
			);
			path = TextField;
			sourceTree = "<group>";
		};
		DA8BE00D21E114EF003CB039 /* Recovered References */ = {
			isa = PBXGroup;
			children = (
				E4D044FE21D84C38005ADA8A /* FinishYourProfileViewModel.swift */,
			);
			name = "Recovered References";
			sourceTree = "<group>";
		};
		DA8BE01321E2B504003CB039 /* View */ = {
			isa = PBXGroup;
			children = (
				A4AA63FE2173B6E5007D83F2 /* ProfileGenericTableViewCell.xib */,
				DA91FB1821B210A00065C1BD /* AboutTableViewCell.xib */,
				A4AA64022173B704007D83F2 /* ProfileDetailedTableViewCell.xib */,
				DA91FB1C21B303510065C1BD /* ChefDetails.storyboard */,
				DA8BE01421E2B5B8003CB039 /* ProfileHeaderCell.swift */,
				DA8BE01521E2B5B8003CB039 /* ProfileHeaderCell.xib */,
			);
			path = View;
			sourceTree = "<group>";
		};
		DA8BE01821E2B844003CB039 /* ViewModel */ = {
			isa = PBXGroup;
			children = (
				A4AA64052173BE76007D83F2 /* ProfileViewModel.swift */,
			);
			path = ViewModel;
			sourceTree = "<group>";
		};
		DAC5944021D836AB004AC6D4 /* PhotoGallery */ = {
			isa = PBXGroup;
			children = (
				DAB7AD8221D13182006E43A3 /* PhotoGalleryCell.xib */,
				DAB7AD8021D01B4C006E43A3 /* PhotoCollectionCell.swift */,
				DAB7AD7E21D0191F006E43A3 /* PhotoGalleryCell.swift */,
				DAC5944121D83717004AC6D4 /* PhotoData.swift */,
			);
			path = PhotoGallery;
			sourceTree = "<group>";
		};
		E9182435214E98B9009F62CE /* View */ = {
			isa = PBXGroup;
			children = (
				E9182432214E97F0009F62CE /* ChefCell.swift */,
				1432E11421F1AB5A00446425 /* CheffLocationCell.swift */,
			);
			path = View;
			sourceTree = "<group>";
		};
		E9182436214E98C2009F62CE /* Model */ = {
			isa = PBXGroup;
			children = (
				E9182437214EA22A009F62CE /* Chef.swift */,
			);
			path = Model;
			sourceTree = "<group>";
		};
		E975B60F216014F400BE6DD2 /* View */ = {
			isa = PBXGroup;
			children = (
				E975B607216009D100BE6DD2 /* GenericFieldsCellTableViewCell.swift */,
				E975B608216009D100BE6DD2 /* GenericFieldsCellTableViewCell.xib */,
				E975B60B2160133100BE6DD2 /* ChefFieldsCell.swift */,
				E975B60C2160133100BE6DD2 /* ChefFieldsCell.xib */,
				E975B6102160156000BE6DD2 /* SignUpContentTableViewCell.swift */,
				E975B6112160156000BE6DD2 /* SignUpContentTableViewCell.xib */,
			);
			path = View;
			sourceTree = "<group>";
		};
		E9836C5E2165A8C0004554D4 /* View */ = {
			isa = PBXGroup;
			children = (
				DA5C7E4621C1E885003656BE /* EmptyCollectionView.xib */,
				DA5C7E4821C1ECCB003656BE /* EmptyCollectionView.swift */,
				DA5C7E4A21C1F567003656BE /* ImageEditor.xib */,
				DA5C7E4C21C1F6D6003656BE /* ImageEditor.swift */,
			);
			path = View;
			sourceTree = "<group>";
		};
		E9D14B452147BEFF009A57A1 = {
			isa = PBXGroup;
			children = (
				E9D14B502147BEFF009A57A1 /* Homesheff */,
				E9D14B4F2147BEFF009A57A1 /* Products */,
				BBFD88680A29BA9E463FE1C5 /* Pods */,
				B164EBEF99C0E409204F778F /* Frameworks */,
				DA8BE00D21E114EF003CB039 /* Recovered References */,
			);
			sourceTree = "<group>";
		};
		E9D14B4F2147BEFF009A57A1 /* Products */ = {
			isa = PBXGroup;
			children = (
				E9D14B4E2147BEFF009A57A1 /* Homesheff.app */,
			);
			name = Products;
			sourceTree = "<group>";
		};
		E9D14B502147BEFF009A57A1 /* Homesheff */ = {
			isa = PBXGroup;
			children = (
				A49D340B2156E74A00AA24CF /* Boiler Plate */,
				A49D340C2156E76200AA24CF /* Home Sheff */,
				E9D14B5D2147BF01009A57A1 /* Info.plist */,
				E9D14B552147BEFF009A57A1 /* Main.storyboard */,
				E9D14B582147BF01009A57A1 /* Assets.xcassets */,
			);
			path = Homesheff;
			sourceTree = "<group>";
		};
/* End PBXGroup section */

/* Begin PBXNativeTarget section */
		E9D14B4D2147BEFF009A57A1 /* Homesheff */ = {
			isa = PBXNativeTarget;
			buildConfigurationList = E9D14B602147BF01009A57A1 /* Build configuration list for PBXNativeTarget "Homesheff" */;
			buildPhases = (
				84249C38A60964BA6B57E1E7 /* [CP] Check Pods Manifest.lock */,
				E9D14B4A2147BEFF009A57A1 /* Sources */,
				E9D14B4B2147BEFF009A57A1 /* Frameworks */,
				E9D14B4C2147BEFF009A57A1 /* Resources */,
				ADD1414AE232AEFFF2F3ED7D /* [CP] Embed Pods Frameworks */,
			);
			buildRules = (
			);
			dependencies = (
			);
			name = Homesheff;
			productName = Homesheff;
			productReference = E9D14B4E2147BEFF009A57A1 /* Homesheff.app */;
			productType = "com.apple.product-type.application";
		};
/* End PBXNativeTarget section */

/* Begin PBXProject section */
		E9D14B462147BEFF009A57A1 /* Project object */ = {
			isa = PBXProject;
			attributes = {
				LastSwiftUpdateCheck = 0940;
				LastUpgradeCheck = 0940;
				ORGANIZATIONNAME = "Dimitrios Papageorgiou";
				TargetAttributes = {
					E9D14B4D2147BEFF009A57A1 = {
						CreatedOnToolsVersion = 9.4.1;
					};
				};
			};
			buildConfigurationList = E9D14B492147BEFF009A57A1 /* Build configuration list for PBXProject "Homesheff" */;
			compatibilityVersion = "Xcode 9.3";
			developmentRegion = en;
			hasScannedForEncodings = 0;
			knownRegions = (
				en,
				Base,
			);
			mainGroup = E9D14B452147BEFF009A57A1;
			productRefGroup = E9D14B4F2147BEFF009A57A1 /* Products */;
			projectDirPath = "";
			projectRoot = "";
			targets = (
				E9D14B4D2147BEFF009A57A1 /* Homesheff */,
			);
		};
/* End PBXProject section */

/* Begin PBXResourcesBuildPhase section */
		E9D14B4C2147BEFF009A57A1 /* Resources */ = {
			isa = PBXResourcesBuildPhase;
			buildActionMask = 2147483647;
			files = (
				E9D14B5C2147BF01009A57A1 /* LaunchScreen.storyboard in Resources */,
				E9D14B592147BF01009A57A1 /* Assets.xcassets in Resources */,
				DA5C7E4721C1E885003656BE /* EmptyCollectionView.xib in Resources */,
				A4AA640D2173CD57007D83F2 /* UserProfileTableViewCell.xib in Resources */,
				DAB7AD8321D13182006E43A3 /* PhotoGalleryCell.xib in Resources */,
				E975B60A216009D100BE6DD2 /* GenericFieldsCellTableViewCell.xib in Resources */,
				14E2ABB521DAAB31005673CA /* ForgotPassword.storyboard in Resources */,
				A4AA64002173B6E5007D83F2 /* ProfileGenericTableViewCell.xib in Resources */,
				C7520DC021EBBCC7001D29F3 /* ChefServices.storyboard in Resources */,
				A4AA64042173B704007D83F2 /* ProfileDetailedTableViewCell.xib in Resources */,
				DA5C7E4B21C1F567003656BE /* ImageEditor.xib in Resources */,
				DA91FB1D21B303510065C1BD /* ChefDetails.storyboard in Resources */,
				A4C924C62173A41700F3BBDE /* UserAccountCell.xib in Resources */,
				DA91FB1921B210A00065C1BD /* AboutTableViewCell.xib in Resources */,
				E9D14B572147BF00009A57A1 /* Main.storyboard in Resources */,
				E975B60E2160133100BE6DD2 /* ChefFieldsCell.xib in Resources */,
				14E2ABBF21DFF4F8005673CA /* FacebookButton.xib in Resources */,
				E975B6132160156000BE6DD2 /* SignUpContentTableViewCell.xib in Resources */,
				DA8BE01721E2B5B8003CB039 /* ProfileHeaderCell.xib in Resources */,
				E4D0450121D84C61005ADA8A /* FinishYourProfile.storyboard in Resources */,
			);
			runOnlyForDeploymentPostprocessing = 0;
		};
/* End PBXResourcesBuildPhase section */

/* Begin PBXShellScriptBuildPhase section */
		84249C38A60964BA6B57E1E7 /* [CP] Check Pods Manifest.lock */ = {
			isa = PBXShellScriptBuildPhase;
			buildActionMask = 2147483647;
			files = (
			);
			inputPaths = (
				"${PODS_PODFILE_DIR_PATH}/Podfile.lock",
				"${PODS_ROOT}/Manifest.lock",
			);
			name = "[CP] Check Pods Manifest.lock";
			outputPaths = (
				"$(DERIVED_FILE_DIR)/Pods-Homesheff-checkManifestLockResult.txt",
			);
			runOnlyForDeploymentPostprocessing = 0;
			shellPath = /bin/sh;
			shellScript = "diff \"${PODS_PODFILE_DIR_PATH}/Podfile.lock\" \"${PODS_ROOT}/Manifest.lock\" > /dev/null\nif [ $? != 0 ] ; then\n    # print error to STDERR\n    echo \"error: The sandbox is not in sync with the Podfile.lock. Run 'pod install' or update your CocoaPods installation.\" >&2\n    exit 1\nfi\n# This output is used by Xcode 'outputs' to avoid re-running this script phase.\necho \"SUCCESS\" > \"${SCRIPT_OUTPUT_FILE_0}\"\n";
			showEnvVarsInLog = 0;
		};
		ADD1414AE232AEFFF2F3ED7D /* [CP] Embed Pods Frameworks */ = {
			isa = PBXShellScriptBuildPhase;
			buildActionMask = 2147483647;
			files = (
			);
			inputFileListPaths = (
			);
			inputPaths = (
				"${SRCROOT}/Pods/Target Support Files/Pods-Homesheff/Pods-Homesheff-frameworks.sh",
				"${BUILT_PRODUCTS_DIR}/Alamofire/Alamofire.framework",
				"${BUILT_PRODUCTS_DIR}/AlamofireImage/AlamofireImage.framework",
				"${BUILT_PRODUCTS_DIR}/Bolts/Bolts.framework",
				"${BUILT_PRODUCTS_DIR}/FBSDKCoreKit/FBSDKCoreKit.framework",
				"${BUILT_PRODUCTS_DIR}/FBSDKLoginKit/FBSDKLoginKit.framework",
				"${BUILT_PRODUCTS_DIR}/FBSDKShareKit/FBSDKShareKit.framework",
				"${BUILT_PRODUCTS_DIR}/FacebookCore/FacebookCore.framework",
				"${BUILT_PRODUCTS_DIR}/FacebookLogin/FacebookLogin.framework",
				"${BUILT_PRODUCTS_DIR}/FacebookShare/FacebookShare.framework",
				"${BUILT_PRODUCTS_DIR}/IQKeyboardManagerSwift/IQKeyboardManagerSwift.framework",
				"${BUILT_PRODUCTS_DIR}/NVActivityIndicatorView/NVActivityIndicatorView.framework",
			);
			name = "[CP] Embed Pods Frameworks";
			outputFileListPaths = (
			);
			outputPaths = (
				"${TARGET_BUILD_DIR}/${FRAMEWORKS_FOLDER_PATH}/Alamofire.framework",
				"${TARGET_BUILD_DIR}/${FRAMEWORKS_FOLDER_PATH}/AlamofireImage.framework",
				"${TARGET_BUILD_DIR}/${FRAMEWORKS_FOLDER_PATH}/Bolts.framework",
				"${TARGET_BUILD_DIR}/${FRAMEWORKS_FOLDER_PATH}/FBSDKCoreKit.framework",
				"${TARGET_BUILD_DIR}/${FRAMEWORKS_FOLDER_PATH}/FBSDKLoginKit.framework",
				"${TARGET_BUILD_DIR}/${FRAMEWORKS_FOLDER_PATH}/FBSDKShareKit.framework",
				"${TARGET_BUILD_DIR}/${FRAMEWORKS_FOLDER_PATH}/FacebookCore.framework",
				"${TARGET_BUILD_DIR}/${FRAMEWORKS_FOLDER_PATH}/FacebookLogin.framework",
				"${TARGET_BUILD_DIR}/${FRAMEWORKS_FOLDER_PATH}/FacebookShare.framework",
				"${TARGET_BUILD_DIR}/${FRAMEWORKS_FOLDER_PATH}/IQKeyboardManagerSwift.framework",
				"${TARGET_BUILD_DIR}/${FRAMEWORKS_FOLDER_PATH}/NVActivityIndicatorView.framework",
			);
			runOnlyForDeploymentPostprocessing = 0;
			shellPath = /bin/sh;
			shellScript = "\"${SRCROOT}/Pods/Target Support Files/Pods-Homesheff/Pods-Homesheff-frameworks.sh\"\n";
			showEnvVarsInLog = 0;
		};
/* End PBXShellScriptBuildPhase section */

/* Begin PBXSourcesBuildPhase section */
		E9D14B4A2147BEFF009A57A1 /* Sources */ = {
			isa = PBXSourcesBuildPhase;
			buildActionMask = 2147483647;
			files = (
				14E2ABB821DABB0B005673CA /* UIViewController+Extension.swift in Sources */,
				E4D0450321D85D92005ADA8A /* UIColor+Extension.swift in Sources */,
				C782EC9421EED11600AAEC1D /* ServiceDescriptionCell.swift in Sources */,
				E9182431214E924F009F62CE /* FindChefsViewController.swift in Sources */,
				C782EC9B21F68FBE00AAEC1D /* AddedServiceCell.swift in Sources */,
				A4AA64032173B704007D83F2 /* ProfileDetailedTableViewCell.swift in Sources */,
				DA5C7E4921C1ECCB003656BE /* EmptyCollectionView.swift in Sources */,
				C782EC9621EEF75000AAEC1D /* ServiceListViewController.swift in Sources */,
				A4C924BE21739D0000F3BBDE /* UserAccountViewController.swift in Sources */,
				DA25642521B4787600681C5D /* HSTextField.swift in Sources */,
				A4AA640C2173CD57007D83F2 /* UserProfileTableViewCell.swift in Sources */,
				C782ECA721F6D9DF00AAEC1D /* EditServiceViewController.swift in Sources */,
				DAB7AD8121D01B4C006E43A3 /* PhotoCollectionCell.swift in Sources */,
				DA240C7421C03EDA0004474B /* PhotosCollectionViewCell.swift in Sources */,
				A4AA64092173CC5C007D83F2 /* UserProfileViewController.swift in Sources */,
				1432E11521F1AB5A00446425 /* CheffLocationCell.swift in Sources */,
				E9182433214E97F0009F62CE /* ChefCell.swift in Sources */,
				DA240C7221C03E980004474B /* PhotosCollectionView.swift in Sources */,
				E4350836218E8E4C00C33719 /* UserProfileViewModel.swift in Sources */,
				E975B6122160156000BE6DD2 /* SignUpContentTableViewCell.swift in Sources */,
				DA8BE01121E11EB2003CB039 /* FinishYourProfileController.swift in Sources */,
				A453503C2185310D005748D3 /* CustomImageView.swift in Sources */,
				A4C924BC2173990B00F3BBDE /* ProfileViewController.swift in Sources */,
				14B63EDF21EE96A30078AEBA /* LocationSearchViewModel.swift in Sources */,
				1432E10F21EFFC8A00446425 /* LocationTextCell.swift in Sources */,
				A4C924B72172C3D000F3BBDE /* APIEndPoints.swift in Sources */,
				C782EC9921F54B5900AAEC1D /* ServiceListCell.swift in Sources */,
				A4FFD77B21605AD9008E49F0 /* CreateAccountViewModel.swift in Sources */,
				A49D34152156E91500AA24CF /* FindCheifViewModel.swift in Sources */,
				14E2ABB621DAAB31005673CA /* ResetPasswordViewController.swift in Sources */,
				C782ECA221F69C6B00AAEC1D /* GetServicesModel.swift in Sources */,
				14E2ABBB21DACE89005673CA /* SecureTextField.swift in Sources */,
				DA91FB1B21B21E240065C1BD /* AboutTableViewCell.swift in Sources */,
				A4AA64062173BE76007D83F2 /* ProfileViewModel.swift in Sources */,
				C782ECA521F6ABCF00AAEC1D /* AddNewServiceViewModel.swift in Sources */,
				E975B60D2160133100BE6DD2 /* ChefFieldsCell.swift in Sources */,
				E975B609216009D100BE6DD2 /* GenericFieldsCellTableViewCell.swift in Sources */,
				A4D45760217CEDDC002E4588 /* TermsAndConditionViewController.swift in Sources */,
				14E2ABB421DAAB31005673CA /* CodeViewController.swift in Sources */,
				1432E10C21EF952F00446425 /* LocationCell.swift in Sources */,
				DA91FB2121B3042E0065C1BD /* AboutChefController.swift in Sources */,
				A4C9249F2172AFB800F3BBDE /* BaseTabbarController.swift in Sources */,
				E9182438214EA22A009F62CE /* Chef.swift in Sources */,
				14B63EE121EE96D10078AEBA /* Location.swift in Sources */,
				E4D044FB21D84A9F005ADA8A /* FinishYourProfileCell.swift in Sources */,
				DA8BE01621E2B5B8003CB039 /* ProfileHeaderCell.swift in Sources */,
				A403097621795046001397EE /* User.swift in Sources */,
				C782EC9D21F6929600AAEC1D /* AddServicesViewModel.swift in Sources */,
				DA240C7621C070C90004474B /* PhotosCollectionViewModel.swift in Sources */,
				149EA07621D15D54004DD3E5 /* ForgotPasswordViewController.swift in Sources */,
				E9D2700821499C130087F476 /* CreateAccountController.swift in Sources */,
				DAB7AD7F21D0191F006E43A3 /* PhotoGalleryCell.swift in Sources */,
				14E2ABAA21D8599B005673CA /* SpinningButton.swift in Sources */,
				1432E11321F116CC00446425 /* LocationManager.swift in Sources */,
				149EA07921D2D51E004DD3E5 /* String+Extension.swift in Sources */,
				DA8BE00F21E11D3D003CB039 /* FinishYourProfileViewModel.swift in Sources */,
				A4C924B92172C3D000F3BBDE /* Requestable.swift in Sources */,
				E9D14B542147BEFF009A57A1 /* SignInViewController.swift in Sources */,
				DAC5944221D83717004AC6D4 /* PhotoData.swift in Sources */,
				C7520DC221EBC103001D29F3 /* AddServicesViewController.swift in Sources */,
				E4D0450521D97FE1005ADA8A /* FinishYourProfileExpandedCell.swift in Sources */,
				A4C924B62172C3D000F3BBDE /* ConfigEndPoints.swift in Sources */,
				C782EC9021EECFAF00AAEC1D /* AddNewServiceViewController.swift in Sources */,
				14E2ABBD21DFF4D3005673CA /* FacebookButton.swift in Sources */,
				A4AA63FF2173B6E5007D83F2 /* ProfileGenericTableViewCell.swift in Sources */,
				A4C924B82172C3D000F3BBDE /* APIManager.swift in Sources */,
				DA240C7021C03C5D0004474B /* AddPhotosController.swift in Sources */,
				1432E11821F52B3400446425 /* GlobalConstants.swift in Sources */,
				E975B606216005C400BE6DD2 /* FieldsModel.swift in Sources */,
				C782EC9221EED10700AAEC1D /* ServiceNameCell.swift in Sources */,
				A4C924C52173A41700F3BBDE /* UserAccountCell.swift in Sources */,
				14B63EDD21EE967F0078AEBA /* LocationSearchController.swift in Sources */,
				E9D2700A214B13F40087F476 /* UIView+Extension.swift in Sources */,
				A4AA640F2173FF4E007D83F2 /* SignInViewModel.swift in Sources */,
				A403097421794F71001397EE /* UserDetailModal.swift in Sources */,
				149EA07B21D42525004DD3E5 /* ForgotPasswordViewModel.swift in Sources */,
				A49D341D215AF21700AA24CF /* UITableViewGenericId.swift in Sources */,
				E9D14B522147BEFF009A57A1 /* AppDelegate.swift in Sources */,
				C782ECA921F6E04000AAEC1D /* EditServiceViewModel.swift in Sources */,
				DA5C7E4D21C1F6D6003656BE /* ImageEditor.swift in Sources */,
			);
			runOnlyForDeploymentPostprocessing = 0;
		};
/* End PBXSourcesBuildPhase section */

/* Begin PBXVariantGroup section */
		E9D14B552147BEFF009A57A1 /* Main.storyboard */ = {
			isa = PBXVariantGroup;
			children = (
				E9D14B562147BEFF009A57A1 /* Base */,
			);
			name = Main.storyboard;
			sourceTree = "<group>";
		};
		E9D14B5A2147BF01009A57A1 /* LaunchScreen.storyboard */ = {
			isa = PBXVariantGroup;
			children = (
				E9D14B5B2147BF01009A57A1 /* Base */,
			);
			name = LaunchScreen.storyboard;
			sourceTree = "<group>";
		};
/* End PBXVariantGroup section */

/* Begin XCBuildConfiguration section */
		E9D14B5E2147BF01009A57A1 /* Debug */ = {
			isa = XCBuildConfiguration;
			buildSettings = {
				ALWAYS_SEARCH_USER_PATHS = NO;
				CLANG_ANALYZER_NONNULL = YES;
				CLANG_ANALYZER_NUMBER_OBJECT_CONVERSION = YES_AGGRESSIVE;
				CLANG_CXX_LANGUAGE_STANDARD = "gnu++14";
				CLANG_CXX_LIBRARY = "libc++";
				CLANG_ENABLE_MODULES = YES;
				CLANG_ENABLE_OBJC_ARC = YES;
				CLANG_ENABLE_OBJC_WEAK = YES;
				CLANG_WARN_BLOCK_CAPTURE_AUTORELEASING = YES;
				CLANG_WARN_BOOL_CONVERSION = YES;
				CLANG_WARN_COMMA = YES;
				CLANG_WARN_CONSTANT_CONVERSION = YES;
				CLANG_WARN_DEPRECATED_OBJC_IMPLEMENTATIONS = YES;
				CLANG_WARN_DIRECT_OBJC_ISA_USAGE = YES_ERROR;
				CLANG_WARN_DOCUMENTATION_COMMENTS = YES;
				CLANG_WARN_EMPTY_BODY = YES;
				CLANG_WARN_ENUM_CONVERSION = YES;
				CLANG_WARN_INFINITE_RECURSION = YES;
				CLANG_WARN_INT_CONVERSION = YES;
				CLANG_WARN_NON_LITERAL_NULL_CONVERSION = YES;
				CLANG_WARN_OBJC_IMPLICIT_RETAIN_SELF = YES;
				CLANG_WARN_OBJC_LITERAL_CONVERSION = YES;
				CLANG_WARN_OBJC_ROOT_CLASS = YES_ERROR;
				CLANG_WARN_RANGE_LOOP_ANALYSIS = YES;
				CLANG_WARN_STRICT_PROTOTYPES = YES;
				CLANG_WARN_SUSPICIOUS_MOVE = YES;
				CLANG_WARN_UNGUARDED_AVAILABILITY = YES_AGGRESSIVE;
				CLANG_WARN_UNREACHABLE_CODE = YES;
				CLANG_WARN__DUPLICATE_METHOD_MATCH = YES;
				CODE_SIGN_IDENTITY = "iPhone Developer";
				COPY_PHASE_STRIP = NO;
				DEBUG_INFORMATION_FORMAT = dwarf;
				ENABLE_STRICT_OBJC_MSGSEND = YES;
				ENABLE_TESTABILITY = YES;
				GCC_C_LANGUAGE_STANDARD = gnu11;
				GCC_DYNAMIC_NO_PIC = NO;
				GCC_NO_COMMON_BLOCKS = YES;
				GCC_OPTIMIZATION_LEVEL = 0;
				GCC_PREPROCESSOR_DEFINITIONS = (
					"DEBUG=1",
					"$(inherited)",
				);
				GCC_WARN_64_TO_32_BIT_CONVERSION = YES;
				GCC_WARN_ABOUT_RETURN_TYPE = YES_ERROR;
				GCC_WARN_UNDECLARED_SELECTOR = YES;
				GCC_WARN_UNINITIALIZED_AUTOS = YES_AGGRESSIVE;
				GCC_WARN_UNUSED_FUNCTION = YES;
				GCC_WARN_UNUSED_VARIABLE = YES;
				IPHONEOS_DEPLOYMENT_TARGET = 11.4;
				MTL_ENABLE_DEBUG_INFO = YES;
				ONLY_ACTIVE_ARCH = YES;
				SDKROOT = iphoneos;
				SWIFT_ACTIVE_COMPILATION_CONDITIONS = DEBUG;
				SWIFT_OPTIMIZATION_LEVEL = "-Onone";
			};
			name = Debug;
		};
		E9D14B5F2147BF01009A57A1 /* Release */ = {
			isa = XCBuildConfiguration;
			buildSettings = {
				ALWAYS_SEARCH_USER_PATHS = NO;
				CLANG_ANALYZER_NONNULL = YES;
				CLANG_ANALYZER_NUMBER_OBJECT_CONVERSION = YES_AGGRESSIVE;
				CLANG_CXX_LANGUAGE_STANDARD = "gnu++14";
				CLANG_CXX_LIBRARY = "libc++";
				CLANG_ENABLE_MODULES = YES;
				CLANG_ENABLE_OBJC_ARC = YES;
				CLANG_ENABLE_OBJC_WEAK = YES;
				CLANG_WARN_BLOCK_CAPTURE_AUTORELEASING = YES;
				CLANG_WARN_BOOL_CONVERSION = YES;
				CLANG_WARN_COMMA = YES;
				CLANG_WARN_CONSTANT_CONVERSION = YES;
				CLANG_WARN_DEPRECATED_OBJC_IMPLEMENTATIONS = YES;
				CLANG_WARN_DIRECT_OBJC_ISA_USAGE = YES_ERROR;
				CLANG_WARN_DOCUMENTATION_COMMENTS = YES;
				CLANG_WARN_EMPTY_BODY = YES;
				CLANG_WARN_ENUM_CONVERSION = YES;
				CLANG_WARN_INFINITE_RECURSION = YES;
				CLANG_WARN_INT_CONVERSION = YES;
				CLANG_WARN_NON_LITERAL_NULL_CONVERSION = YES;
				CLANG_WARN_OBJC_IMPLICIT_RETAIN_SELF = YES;
				CLANG_WARN_OBJC_LITERAL_CONVERSION = YES;
				CLANG_WARN_OBJC_ROOT_CLASS = YES_ERROR;
				CLANG_WARN_RANGE_LOOP_ANALYSIS = YES;
				CLANG_WARN_STRICT_PROTOTYPES = YES;
				CLANG_WARN_SUSPICIOUS_MOVE = YES;
				CLANG_WARN_UNGUARDED_AVAILABILITY = YES_AGGRESSIVE;
				CLANG_WARN_UNREACHABLE_CODE = YES;
				CLANG_WARN__DUPLICATE_METHOD_MATCH = YES;
				CODE_SIGN_IDENTITY = "iPhone Developer";
				COPY_PHASE_STRIP = NO;
				DEBUG_INFORMATION_FORMAT = "dwarf-with-dsym";
				ENABLE_NS_ASSERTIONS = NO;
				ENABLE_STRICT_OBJC_MSGSEND = YES;
				GCC_C_LANGUAGE_STANDARD = gnu11;
				GCC_NO_COMMON_BLOCKS = YES;
				GCC_WARN_64_TO_32_BIT_CONVERSION = YES;
				GCC_WARN_ABOUT_RETURN_TYPE = YES_ERROR;
				GCC_WARN_UNDECLARED_SELECTOR = YES;
				GCC_WARN_UNINITIALIZED_AUTOS = YES_AGGRESSIVE;
				GCC_WARN_UNUSED_FUNCTION = YES;
				GCC_WARN_UNUSED_VARIABLE = YES;
				IPHONEOS_DEPLOYMENT_TARGET = 11.4;
				MTL_ENABLE_DEBUG_INFO = NO;
				SDKROOT = iphoneos;
				SWIFT_COMPILATION_MODE = wholemodule;
				SWIFT_OPTIMIZATION_LEVEL = "-O";
				VALIDATE_PRODUCT = YES;
			};
			name = Release;
		};
		E9D14B612147BF01009A57A1 /* Debug */ = {
			isa = XCBuildConfiguration;
			baseConfigurationReference = C8CB94F0F399356DEC3B25B7 /* Pods-Homesheff.debug.xcconfig */;
			buildSettings = {
				ASSETCATALOG_COMPILER_APPICON_NAME = AppIcon;
				CODE_SIGN_IDENTITY = "iPhone Developer";
				CODE_SIGN_STYLE = Automatic;
				DEVELOPMENT_TEAM = N37YJ3DPQM;
				INFOPLIST_FILE = Homesheff/Info.plist;
				IPHONEOS_DEPLOYMENT_TARGET = 11.0;
				LD_RUNPATH_SEARCH_PATHS = (
					"$(inherited)",
					"@executable_path/Frameworks",
				);
				PRODUCT_BUNDLE_IDENTIFIER = com.homesheff.appstore;
				PRODUCT_NAME = "$(TARGET_NAME)";
				PROVISIONING_PROFILE_SPECIFIER = "";
				SWIFT_VERSION = 4.0;
				TARGETED_DEVICE_FAMILY = 1;
			};
			name = Debug;
		};
		E9D14B622147BF01009A57A1 /* Release */ = {
			isa = XCBuildConfiguration;
			baseConfigurationReference = 17004620FF1562822144357B /* Pods-Homesheff.release.xcconfig */;
			buildSettings = {
				ASSETCATALOG_COMPILER_APPICON_NAME = AppIcon;
				CODE_SIGN_IDENTITY = "iPhone Developer";
				CODE_SIGN_STYLE = Automatic;
				DEVELOPMENT_TEAM = N37YJ3DPQM;
				INFOPLIST_FILE = Homesheff/Info.plist;
				IPHONEOS_DEPLOYMENT_TARGET = 11.0;
				LD_RUNPATH_SEARCH_PATHS = (
					"$(inherited)",
					"@executable_path/Frameworks",
				);
				PRODUCT_BUNDLE_IDENTIFIER = com.homesheff.appstore;
				PRODUCT_NAME = "$(TARGET_NAME)";
				PROVISIONING_PROFILE_SPECIFIER = "";
				SWIFT_VERSION = 4.0;
				TARGETED_DEVICE_FAMILY = 1;
			};
			name = Release;
		};
/* End XCBuildConfiguration section */

/* Begin XCConfigurationList section */
		E9D14B492147BEFF009A57A1 /* Build configuration list for PBXProject "Homesheff" */ = {
			isa = XCConfigurationList;
			buildConfigurations = (
				E9D14B5E2147BF01009A57A1 /* Debug */,
				E9D14B5F2147BF01009A57A1 /* Release */,
			);
			defaultConfigurationIsVisible = 0;
			defaultConfigurationName = Release;
		};
		E9D14B602147BF01009A57A1 /* Build configuration list for PBXNativeTarget "Homesheff" */ = {
			isa = XCConfigurationList;
			buildConfigurations = (
				E9D14B612147BF01009A57A1 /* Debug */,
				E9D14B622147BF01009A57A1 /* Release */,
			);
			defaultConfigurationIsVisible = 0;
			defaultConfigurationName = Release;
		};
/* End XCConfigurationList section */
	};
	rootObject = E9D14B462147BEFF009A57A1 /* Project object */;
}
